<?xml version="1.0" encoding="utf-8"?>
<Project ToolsVersion="4.0" xmlns="http://schemas.microsoft.com/developer/msbuild/2003">
  <ItemGroup>
    <Filter Include="リソース ファイル">
      <UniqueIdentifier>{67DA6AB6-F800-4c08-8B7A-83BB121AAD01}</UniqueIdentifier>
      <Extensions>rc;ico;cur;bmp;dlg;rc2;rct;bin;rgs;gif;jpg;jpeg;jpe;resx;tiff;tif;png;wav;mfcribbon-ms</Extensions>
    </Filter>
    <Filter Include="シェーダーファイル">
      <UniqueIdentifier>{abb3684b-816f-41d4-92aa-959ba35e435c}</UniqueIdentifier>
    </Filter>
    <Filter Include="application">
      <UniqueIdentifier>{975699f5-fe20-4a04-b140-64c8282bd45a}</UniqueIdentifier>
    </Filter>
    <Filter Include="application\ソースファイル">
      <UniqueIdentifier>{65fc7131-0a9d-4ef6-accb-9e8576f7b1a4}</UniqueIdentifier>
    </Filter>
    <Filter Include="application\ヘッダーファイル">
      <UniqueIdentifier>{afc1780d-b963-4b01-8b60-a425cddc6f56}</UniqueIdentifier>
    </Filter>
    <Filter Include="application\ソースファイル\Scene">
      <UniqueIdentifier>{e7535f74-7e4c-44bd-918d-80c76a92f580}</UniqueIdentifier>
    </Filter>
    <Filter Include="application\ヘッダーファイル\Scene">
      <UniqueIdentifier>{38eb0ded-4f3a-42d8-a441-c0e674bbc165}</UniqueIdentifier>
    </Filter>
    <Filter Include="engine">
      <UniqueIdentifier>{4689a99f-1332-4ebc-a57d-9b8852763c2a}</UniqueIdentifier>
    </Filter>
    <Filter Include="engine\ソース ファイル">
      <UniqueIdentifier>{4FC737F1-C7A5-4376-A066-2A32D752A2FF}</UniqueIdentifier>
      <Extensions>cpp;c;cc;cxx;c++;cppm;ixx;def;odl;idl;hpj;bat;asm;asmx</Extensions>
    </Filter>
    <Filter Include="engine\ソース ファイル\math">
      <UniqueIdentifier>{a4986a33-d000-4796-a126-bbdca2a3e95d}</UniqueIdentifier>
    </Filter>
    <Filter Include="engine\ソース ファイル\Sprite">
      <UniqueIdentifier>{99e569d9-2be0-4172-8577-89adf68c1849}</UniqueIdentifier>
    </Filter>
    <Filter Include="engine\ソース ファイル\Object3D">
      <UniqueIdentifier>{322a5090-7e88-4347-878d-331d4d3dbf2a}</UniqueIdentifier>
    </Filter>
    <Filter Include="engine\ソース ファイル\DirectX">
      <UniqueIdentifier>{2aa1feda-6aab-404e-8c7d-7efd7526c693}</UniqueIdentifier>
    </Filter>
    <Filter Include="engine\ソース ファイル\Util">
      <UniqueIdentifier>{713b6748-7009-4b59-b771-7bee0d7d8d29}</UniqueIdentifier>
    </Filter>
    <Filter Include="engine\ソース ファイル\Sound">
      <UniqueIdentifier>{4e580278-9f68-4060-9313-e1f000467824}</UniqueIdentifier>
    </Filter>
    <Filter Include="engine\ソース ファイル\Input">
      <UniqueIdentifier>{9372a342-2fe4-4a18-b06c-df7219f19151}</UniqueIdentifier>
    </Filter>
    <Filter Include="engine\ヘッダー ファイル">
      <UniqueIdentifier>{93995380-89BD-4b04-88EB-625FBE52EBFB}</UniqueIdentifier>
      <Extensions>h;hh;hpp;hxx;h++;hm;inl;inc;ipp;xsd</Extensions>
    </Filter>
    <Filter Include="engine\ヘッダー ファイル\math">
      <UniqueIdentifier>{3a162445-951d-4e35-b65d-397bbd07a119}</UniqueIdentifier>
    </Filter>
    <Filter Include="engine\ヘッダー ファイル\Object3D">
      <UniqueIdentifier>{9d2b5bdb-3d1d-40e7-a404-ed77265d1ef0}</UniqueIdentifier>
    </Filter>
    <Filter Include="engine\ヘッダー ファイル\Sprite">
      <UniqueIdentifier>{e7d732c4-5ee7-4330-9b58-c6d831571208}</UniqueIdentifier>
    </Filter>
    <Filter Include="engine\ヘッダー ファイル\DirectX">
      <UniqueIdentifier>{5d9e2743-2e58-4228-bcdc-386ef9735188}</UniqueIdentifier>
    </Filter>
    <Filter Include="engine\ヘッダー ファイル\Util">
      <UniqueIdentifier>{cbb0a00d-f685-4eaf-bd0f-bc1868febbb1}</UniqueIdentifier>
    </Filter>
    <Filter Include="engine\ヘッダー ファイル\Sound">
      <UniqueIdentifier>{ee1a62f8-0b2c-4b9b-a1df-5887e31468bf}</UniqueIdentifier>
    </Filter>
    <Filter Include="engine\ヘッダー ファイル\Input">
      <UniqueIdentifier>{7d402313-1c5a-4de3-9e9e-0f0e54dca849}</UniqueIdentifier>
    </Filter>
    <Filter Include="engine\ヘッダー ファイル\Pipeline">
      <UniqueIdentifier>{42b07f5f-89f6-4b4f-9e6a-99e169c59d7c}</UniqueIdentifier>
    </Filter>
    <Filter Include="engine\ソース ファイル\Pipeline">
      <UniqueIdentifier>{e0ec0fa2-b9dc-45ec-a1fe-e7976cba1154}</UniqueIdentifier>
    </Filter>
    <Filter Include="engine\ソース ファイル\imgui">
      <UniqueIdentifier>{142b7738-3d7b-4a5d-9c71-76a5e6f344cb}</UniqueIdentifier>
    </Filter>
    <Filter Include="engine\ヘッダー ファイル\imgui">
      <UniqueIdentifier>{5cf3a0da-d1b0-44ba-985e-29374ec52ae1}</UniqueIdentifier>
    </Filter>
    <Filter Include="engine\ソース ファイル\Scene">
      <UniqueIdentifier>{291c99d5-df3c-44d7-b2fd-eb412ad5f2a1}</UniqueIdentifier>
    </Filter>
    <Filter Include="engine\ヘッダー ファイル\Scene">
      <UniqueIdentifier>{86ab3914-89a5-410d-9197-1aaacac91abe}</UniqueIdentifier>
    </Filter>
  </ItemGroup>
  <ItemGroup>
    <ClCompile Include="main.cpp">
      <Filter>engine\ソース ファイル</Filter>
    </ClCompile>
    <ClCompile Include="math.cpp">
      <Filter>engine\ソース ファイル\math</Filter>
    </ClCompile>
    <ClCompile Include="Vector2.cpp">
      <Filter>engine\ソース ファイル\math</Filter>
    </ClCompile>
    <ClCompile Include="Vector3.cpp">
      <Filter>engine\ソース ファイル\math</Filter>
    </ClCompile>
    <ClCompile Include="Material.cpp">
      <Filter>engine\ソース ファイル\Object3D</Filter>
    </ClCompile>
    <ClCompile Include="Object3d.cpp">
      <Filter>engine\ソース ファイル\Object3D</Filter>
    </ClCompile>
    <ClCompile Include="Vertices.cpp">
      <Filter>engine\ソース ファイル\Object3D</Filter>
    </ClCompile>
    <ClCompile Include="WorldTransform.cpp">
      <Filter>engine\ソース ファイル\Object3D</Filter>
    </ClCompile>
    <ClCompile Include="Sprite.cpp">
      <Filter>engine\ソース ファイル\Sprite</Filter>
    </ClCompile>
    <ClCompile Include="ViewProjection.cpp">
      <Filter>engine\ソース ファイル\Object3D</Filter>
    </ClCompile>
    <ClCompile Include="DebugCamera.cpp">
      <Filter>engine\ソース ファイル\Object3D</Filter>
    </ClCompile>
    <ClCompile Include="boardObject.cpp">
      <Filter>engine\ソース ファイル\Object3D</Filter>
    </ClCompile>
    <ClCompile Include="WinAPI.cpp">
      <Filter>engine\ソース ファイル\DirectX</Filter>
    </ClCompile>
    <ClCompile Include="DirectX.cpp">
      <Filter>engine\ソース ファイル\DirectX</Filter>
    </ClCompile>
    <ClCompile Include="Texture.cpp">
      <Filter>engine\ソース ファイル\Util</Filter>
    </ClCompile>
    <ClCompile Include="Util.cpp">
      <Filter>engine\ソース ファイル\Util</Filter>
    </ClCompile>
    <ClCompile Include="Collision.cpp">
      <Filter>engine\ソース ファイル\Util</Filter>
    </ClCompile>
    <ClCompile Include="GameScene.cpp">
      <Filter>application\ソースファイル\Scene</Filter>
    </ClCompile>
    <ClCompile Include="mSound.cpp">
      <Filter>engine\ソース ファイル\Sound</Filter>
    </ClCompile>
    <ClCompile Include="RailCamera.cpp">
      <Filter>engine\ソース ファイル\Object3D</Filter>
    </ClCompile>
    <ClCompile Include="mInput.cpp">
      <Filter>engine\ソース ファイル\Input</Filter>
    </ClCompile>
    <ClCompile Include="SceneManager.cpp">
      <Filter>application\ソースファイル\Scene</Filter>
    </ClCompile>
    <ClCompile Include="Easing.cpp">
      <Filter>engine\ソース ファイル\Util</Filter>
    </ClCompile>
    <ClCompile Include="PipelineManager.cpp">
      <Filter>engine\ソース ファイル\Pipeline</Filter>
    </ClCompile>
    <ClCompile Include="Pipeline.cpp">
      <Filter>engine\ソース ファイル\Pipeline</Filter>
    </ClCompile>
    <ClCompile Include="ImGuiManager.cpp">
      <Filter>engine\ソース ファイル\imgui</Filter>
    </ClCompile>
    <ClCompile Include="Quaternion.cpp">
      <Filter>engine\ソース ファイル\math</Filter>
    </ClCompile>
    <ClCompile Include="imguiTemplate.cpp">
      <Filter>engine\ソース ファイル\imgui</Filter>
    </ClCompile>
    <ClCompile Include="Game.cpp">
      <Filter>engine\ソース ファイル</Filter>
    </ClCompile>
    <ClCompile Include="EmptyScene.cpp">
      <Filter>engine\ソース ファイル\Scene</Filter>
    </ClCompile>
    <ClCompile Include="Framework.cpp">
      <Filter>engine\ソース ファイル</Filter>
    </ClCompile>
  </ItemGroup>
  <ItemGroup>
    <ClInclude Include="math.h">
      <Filter>engine\ヘッダー ファイル\math</Filter>
    </ClInclude>
    <ClInclude Include="Vector2.h">
      <Filter>engine\ヘッダー ファイル\math</Filter>
    </ClInclude>
    <ClInclude Include="Vector3.h">
      <Filter>engine\ヘッダー ファイル\math</Filter>
    </ClInclude>
    <ClInclude Include="Material.h">
      <Filter>engine\ヘッダー ファイル\Object3D</Filter>
    </ClInclude>
    <ClInclude Include="Object3d.h">
      <Filter>engine\ヘッダー ファイル\Object3D</Filter>
    </ClInclude>
    <ClInclude Include="Vertices.h">
      <Filter>engine\ヘッダー ファイル\Object3D</Filter>
    </ClInclude>
    <ClInclude Include="WorldTransform.h">
      <Filter>engine\ヘッダー ファイル\Object3D</Filter>
    </ClInclude>
    <ClInclude Include="Sprite.h">
      <Filter>engine\ヘッダー ファイル\Sprite</Filter>
    </ClInclude>
    <ClInclude Include="ViewProjection.h">
      <Filter>engine\ヘッダー ファイル\Object3D</Filter>
    </ClInclude>
    <ClInclude Include="DebugCamera.h">
      <Filter>engine\ヘッダー ファイル\Object3D</Filter>
    </ClInclude>
    <ClInclude Include="boardObject.h">
      <Filter>engine\ヘッダー ファイル\Object3D</Filter>
    </ClInclude>
    <ClInclude Include="WinAPI.h">
      <Filter>engine\ヘッダー ファイル\DirectX</Filter>
    </ClInclude>
    <ClInclude Include="DirectX.h">
      <Filter>engine\ヘッダー ファイル\DirectX</Filter>
    </ClInclude>
    <ClInclude Include="Texture.h">
      <Filter>engine\ヘッダー ファイル\Util</Filter>
    </ClInclude>
    <ClInclude Include="Util.h">
      <Filter>engine\ヘッダー ファイル\Util</Filter>
    </ClInclude>
    <ClInclude Include="Collision.h">
      <Filter>engine\ヘッダー ファイル\Util</Filter>
    </ClInclude>
    <ClInclude Include="GameScene.h">
      <Filter>application\ヘッダーファイル\Scene</Filter>
    </ClInclude>
    <ClInclude Include="mSound.h">
      <Filter>engine\ヘッダー ファイル\Sound</Filter>
    </ClInclude>
    <ClInclude Include="RailCamera.h">
      <Filter>engine\ヘッダー ファイル\Object3D</Filter>
    </ClInclude>
    <ClInclude Include="mInput.h">
      <Filter>engine\ヘッダー ファイル\Input</Filter>
    </ClInclude>
    <ClInclude Include="SceneManager.h">
      <Filter>application\ヘッダーファイル\Scene</Filter>
    </ClInclude>
    <ClInclude Include="Easing.h">
      <Filter>engine\ヘッダー ファイル\Util</Filter>
    </ClInclude>
    <ClInclude Include="PipelineManager.h">
      <Filter>engine\ヘッダー ファイル\Pipeline</Filter>
    </ClInclude>
    <ClInclude Include="Pipeline.h">
      <Filter>engine\ヘッダー ファイル\Pipeline</Filter>
    </ClInclude>
    <ClInclude Include="ImGuiManager.h">
      <Filter>engine\ヘッダー ファイル\imgui</Filter>
    </ClInclude>
    <ClInclude Include="Quaternion.h">
      <Filter>engine\ヘッダー ファイル\math</Filter>
    </ClInclude>
    <ClInclude Include="imguiTemplate.h">
      <Filter>engine\ヘッダー ファイル\imgui</Filter>
    </ClInclude>
    <ClInclude Include="Game.h">
      <Filter>engine\ヘッダー ファイル</Filter>
    </ClInclude>
    <ClInclude Include="EmptyScene.h">
      <Filter>engine\ヘッダー ファイル\Scene</Filter>
    </ClInclude>
    <ClInclude Include="Framework.h">
      <Filter>engine\ヘッダー ファイル</Filter>
    </ClInclude>
  </ItemGroup>
  <ItemGroup>
    <None Include="Resources\shader\Sprite.hlsli">
      <Filter>シェーダーファイル</Filter>
    </None>
    <None Include="Resources\shader\Basic.hlsli">
      <Filter>シェーダーファイル</Filter>
    </None>
    <None Include="Resources\shader\3DObject.hlsli">
      <Filter>シェーダーファイル</Filter>
    </None>
  </ItemGroup>
  <ItemGroup>
    <FxCompile Include="Resources\shader\SpritePS.hlsl">
      <Filter>シェーダーファイル</Filter>
    </FxCompile>
    <FxCompile Include="Resources\shader\SpriteVS.hlsl">
      <Filter>シェーダーファイル</Filter>
    </FxCompile>
    <FxCompile Include="Resources\shader\BasicPS.hlsl">
      <Filter>シェーダーファイル</Filter>
    </FxCompile>
    <FxCompile Include="Resources\shader\BasicVS.hlsl">
      <Filter>シェーダーファイル</Filter>
    </FxCompile>
    <FxCompile Include="Resources\shader\3DObjectPS.hlsl">
      <Filter>シェーダーファイル</Filter>
    </FxCompile>
    <FxCompile Include="Resources\shader\3DObjectVS.hlsl">
      <Filter>シェーダーファイル</Filter>
    </FxCompile>
  </ItemGroup>
</Project>